// !$*UTF8*$!
{
	archiveVersion = 1;
	classes = {
	};
	objectVersion = 46;
	objects = {

/* Begin PBXBuildFile section */
		0AB6822619E8FBEE00C48EC6 /* CHHeaders.h in Headers */ = {isa = PBXBuildFile; fileRef = 0AB6822419E8FBEE00C48EC6 /* CHHeaders.h */; settings = {ATTRIBUTES = (Public, ); }; };
		0AB6822719E8FBEE00C48EC6 /* CHDefines.h in Headers */ = {isa = PBXBuildFile; fileRef = 0AB6822519E8FBEE00C48EC6 /* CHDefines.h */; settings = {ATTRIBUTES = (Public, ); }; };
		0AB6822919E8FC6200C48EC6 /* CHUtilities.h in Headers */ = {isa = PBXBuildFile; fileRef = 0AB6822819E8FC6200C48EC6 /* CHUtilities.h */; settings = {ATTRIBUTES = (Public, ); }; };
		0AB6822D19E8FCD400C48EC6 /* CHLocationUtil.h in Headers */ = {isa = PBXBuildFile; fileRef = 0AB6822B19E8FCD400C48EC6 /* CHLocationUtil.h */; settings = {ATTRIBUTES = (Public, ); }; };
		0AB6822E19E8FCD400C48EC6 /* CHLocationUtil.m in Sources */ = {isa = PBXBuildFile; fileRef = 0AB6822C19E8FCD400C48EC6 /* CHLocationUtil.m */; };
		0AB6823219E8FD0500C48EC6 /* CHVersionUtil.h in Headers */ = {isa = PBXBuildFile; fileRef = 0AB6823019E8FD0500C48EC6 /* CHVersionUtil.h */; settings = {ATTRIBUTES = (Public, ); }; };
		0AB6823319E8FD0500C48EC6 /* CHVersionUtil.m in Sources */ = {isa = PBXBuildFile; fileRef = 0AB6823119E8FD0500C48EC6 /* CHVersionUtil.m */; };
		0AD701941A3EBA6D00C1C828 /* CHLocalUtil.h in Headers */ = {isa = PBXBuildFile; fileRef = 0AD701921A3EBA6D00C1C828 /* CHLocalUtil.h */; };
		0AD701951A3EBA6D00C1C828 /* CHLocalUtil.m in Sources */ = {isa = PBXBuildFile; fileRef = 0AD701931A3EBA6D00C1C828 /* CHLocalUtil.m */; };
/* End PBXBuildFile section */

/* Begin PBXFileReference section */
		0AB6820A19E8FB3E00C48EC6 /* CHUtilities.framework */ = {isa = PBXFileReference; explicitFileType = wrapper.framework; includeInIndex = 0; path = CHUtilities.framework; sourceTree = BUILT_PRODUCTS_DIR; };
		0AB6820E19E8FB3E00C48EC6 /* CHUtilitiesInfo.plist */ = {isa = PBXFileReference; lastKnownFileType = text.plist.xml; path = CHUtilitiesInfo.plist; sourceTree = "<group>"; };
		0AB6822419E8FBEE00C48EC6 /* CHHeaders.h */ = {isa = PBXFileReference; fileEncoding = 4; lastKnownFileType = sourcecode.c.h; path = CHHeaders.h; sourceTree = "<group>"; };
		0AB6822519E8FBEE00C48EC6 /* CHDefines.h */ = {isa = PBXFileReference; fileEncoding = 4; lastKnownFileType = sourcecode.c.h; path = CHDefines.h; sourceTree = "<group>"; };
		0AB6822819E8FC6200C48EC6 /* CHUtilities.h */ = {isa = PBXFileReference; fileEncoding = 4; lastKnownFileType = sourcecode.c.h; path = CHUtilities.h; sourceTree = "<group>"; };
		0AB6822B19E8FCD400C48EC6 /* CHLocationUtil.h */ = {isa = PBXFileReference; fileEncoding = 4; lastKnownFileType = sourcecode.c.h; path = CHLocationUtil.h; sourceTree = "<group>"; };
		0AB6822C19E8FCD400C48EC6 /* CHLocationUtil.m */ = {isa = PBXFileReference; fileEncoding = 4; lastKnownFileType = sourcecode.c.objc; path = CHLocationUtil.m; sourceTree = "<group>"; };
		0AB6823019E8FD0500C48EC6 /* CHVersionUtil.h */ = {isa = PBXFileReference; fileEncoding = 4; lastKnownFileType = sourcecode.c.h; path = CHVersionUtil.h; sourceTree = "<group>"; };
		0AB6823119E8FD0500C48EC6 /* CHVersionUtil.m */ = {isa = PBXFileReference; fileEncoding = 4; lastKnownFileType = sourcecode.c.objc; path = CHVersionUtil.m; sourceTree = "<group>"; };
		0AD701921A3EBA6D00C1C828 /* CHLocalUtil.h */ = {isa = PBXFileReference; fileEncoding = 4; lastKnownFileType = sourcecode.c.h; path = CHLocalUtil.h; sourceTree = "<group>"; };
		0AD701931A3EBA6D00C1C828 /* CHLocalUtil.m */ = {isa = PBXFileReference; fileEncoding = 4; lastKnownFileType = sourcecode.c.objc; path = CHLocalUtil.m; sourceTree = "<group>"; };
/* End PBXFileReference section */

/* Begin PBXFrameworksBuildPhase section */
		0AB6820619E8FB3E00C48EC6 /* Frameworks */ = {
			isa = PBXFrameworksBuildPhase;
			buildActionMask = 2147483647;
			files = (
			);
			runOnlyForDeploymentPostprocessing = 0;
		};
/* End PBXFrameworksBuildPhase section */

/* Begin PBXGroup section */
		0AB6820019E8FB3E00C48EC6 = {
			isa = PBXGroup;
			children = (
				0AB6820C19E8FB3E00C48EC6 /* CHUtilities */,
				0AB6820B19E8FB3E00C48EC6 /* Products */,
			);
			sourceTree = "<group>";
		};
		0AB6820B19E8FB3E00C48EC6 /* Products */ = {
			isa = PBXGroup;
			children = (
				0AB6820A19E8FB3E00C48EC6 /* CHUtilities.framework */,
			);
			name = Products;
			sourceTree = "<group>";
		};
		0AB6820C19E8FB3E00C48EC6 /* CHUtilities */ = {
			isa = PBXGroup;
			children = (
				0AD701911A3EBA2C00C1C828 /* CHLocalizationUtility */,
				0AB6822F19E8FCE800C48EC6 /* CHVersionUtility */,
				0AB6822A19E8FCC600C48EC6 /* CHLocationUtility */,
				0AB6822819E8FC6200C48EC6 /* CHUtilities.h */,
				0AB6822319E8FBDA00C48EC6 /* CHHeaders */,
				0AB6820D19E8FB3E00C48EC6 /* Supporting Files */,
			);
			path = CHUtilities;
			sourceTree = "<group>";
		};
		0AB6820D19E8FB3E00C48EC6 /* Supporting Files */ = {
			isa = PBXGroup;
			children = (
				0AB6820E19E8FB3E00C48EC6 /* CHUtilitiesInfo.plist */,
			);
			name = "Supporting Files";
			sourceTree = "<group>";
		};
		0AB6822319E8FBDA00C48EC6 /* CHHeaders */ = {
			isa = PBXGroup;
			children = (
				0AB6822419E8FBEE00C48EC6 /* CHHeaders.h */,
				0AB6822519E8FBEE00C48EC6 /* CHDefines.h */,
			);
			name = CHHeaders;
			sourceTree = "<group>";
		};
		0AB6822A19E8FCC600C48EC6 /* CHLocationUtility */ = {
			isa = PBXGroup;
			children = (
				0AB6822B19E8FCD400C48EC6 /* CHLocationUtil.h */,
				0AB6822C19E8FCD400C48EC6 /* CHLocationUtil.m */,
			);
			name = CHLocationUtility;
			sourceTree = "<group>";
		};
		0AB6822F19E8FCE800C48EC6 /* CHVersionUtility */ = {
			isa = PBXGroup;
			children = (
				0AB6823019E8FD0500C48EC6 /* CHVersionUtil.h */,
				0AB6823119E8FD0500C48EC6 /* CHVersionUtil.m */,
			);
			name = CHVersionUtility;
			sourceTree = "<group>";
		};
		0AD701911A3EBA2C00C1C828 /* CHLocalizationUtility */ = {
			isa = PBXGroup;
			children = (
				0AD701921A3EBA6D00C1C828 /* CHLocalUtil.h */,
				0AD701931A3EBA6D00C1C828 /* CHLocalUtil.m */,
			);
			name = CHLocalizationUtility;
			sourceTree = "<group>";
		};
/* End PBXGroup section */

/* Begin PBXHeadersBuildPhase section */
		0AB6820719E8FB3E00C48EC6 /* Headers */ = {
			isa = PBXHeadersBuildPhase;
			buildActionMask = 2147483647;
			files = (
				0AB6822D19E8FCD400C48EC6 /* CHLocationUtil.h in Headers */,
				0AB6822719E8FBEE00C48EC6 /* CHDefines.h in Headers */,
				0AB6822619E8FBEE00C48EC6 /* CHHeaders.h in Headers */,
				0AB6823219E8FD0500C48EC6 /* CHVersionUtil.h in Headers */,
				0AB6822919E8FC6200C48EC6 /* CHUtilities.h in Headers */,
				0AD701941A3EBA6D00C1C828 /* CHLocalUtil.h in Headers */,
			);
			runOnlyForDeploymentPostprocessing = 0;
		};
/* End PBXHeadersBuildPhase section */

/* Begin PBXNativeTarget section */
		0AB6820919E8FB3E00C48EC6 /* CHUtilities */ = {
			isa = PBXNativeTarget;
			buildConfigurationList = 0AB6821D19E8FB3F00C48EC6 /* Build configuration list for PBXNativeTarget "CHUtilities" */;
			buildPhases = (
				0AB6820519E8FB3E00C48EC6 /* Sources */,
				0AB6820619E8FB3E00C48EC6 /* Frameworks */,
				0AB6820719E8FB3E00C48EC6 /* Headers */,
				0AB6820819E8FB3E00C48EC6 /* Resources */,
			);
			buildRules = (
			);
			dependencies = (
			);
			name = CHUtilities;
			productName = CHUtilities;
			productReference = 0AB6820A19E8FB3E00C48EC6 /* CHUtilities.framework */;
			productType = "com.apple.product-type.framework";
		};
/* End PBXNativeTarget section */

/* Begin PBXProject section */
		0AB6820119E8FB3E00C48EC6 /* Project object */ = {
			isa = PBXProject;
			attributes = {
				LastUpgradeCheck = 0600;
				ORGANIZATIONNAME = lch;
				TargetAttributes = {
					0AB6820919E8FB3E00C48EC6 = {
						CreatedOnToolsVersion = 6.0.1;
					};
				};
			};
			buildConfigurationList = 0AB6820419E8FB3E00C48EC6 /* Build configuration list for PBXProject "CHUtilities" */;
			compatibilityVersion = "Xcode 3.2";
			developmentRegion = English;
			hasScannedForEncodings = 0;
			knownRegions = (
				en,
			);
			mainGroup = 0AB6820019E8FB3E00C48EC6;
			productRefGroup = 0AB6820B19E8FB3E00C48EC6 /* Products */;
			projectDirPath = "";
			projectRoot = "";
			targets = (
				0AB6820919E8FB3E00C48EC6 /* CHUtilities */,
			);
		};
/* End PBXProject section */

/* Begin PBXResourcesBuildPhase section */
		0AB6820819E8FB3E00C48EC6 /* Resources */ = {
			isa = PBXResourcesBuildPhase;
			buildActionMask = 2147483647;
			files = (
			);
			runOnlyForDeploymentPostprocessing = 0;
		};
/* End PBXResourcesBuildPhase section */

/* Begin PBXSourcesBuildPhase section */
		0AB6820519E8FB3E00C48EC6 /* Sources */ = {
			isa = PBXSourcesBuildPhase;
			buildActionMask = 2147483647;
			files = (
				0AB6822E19E8FCD400C48EC6 /* CHLocationUtil.m in Sources */,
				0AB6823319E8FD0500C48EC6 /* CHVersionUtil.m in Sources */,
				0AD701951A3EBA6D00C1C828 /* CHLocalUtil.m in Sources */,
			);
			runOnlyForDeploymentPostprocessing = 0;
		};
/* End PBXSourcesBuildPhase section */

/* Begin XCBuildConfiguration section */
		0AB6821B19E8FB3F00C48EC6 /* Debug */ = {
			isa = XCBuildConfiguration;
			buildSettings = {
				ALWAYS_SEARCH_USER_PATHS = NO;
				CLANG_CXX_LANGUAGE_STANDARD = "gnu++0x";
				CLANG_CXX_LIBRARY = "libc++";
				CLANG_ENABLE_MODULES = YES;
				CLANG_ENABLE_OBJC_ARC = YES;
				CLANG_WARN_BOOL_CONVERSION = YES;
				CLANG_WARN_CONSTANT_CONVERSION = YES;
				CLANG_WARN_DIRECT_OBJC_ISA_USAGE = YES_ERROR;
				CLANG_WARN_EMPTY_BODY = YES;
				CLANG_WARN_ENUM_CONVERSION = YES;
				CLANG_WARN_INT_CONVERSION = YES;
				CLANG_WARN_OBJC_ROOT_CLASS = YES_ERROR;
				CLANG_WARN_UNREACHABLE_CODE = YES;
				CLANG_WARN__DUPLICATE_METHOD_MATCH = YES;
				"CODE_SIGN_IDENTITY[sdk=iphoneos*]" = "iPhone Developer";
				COPY_PHASE_STRIP = NO;
				CURRENT_PROJECT_VERSION = 1;
				ENABLE_STRICT_OBJC_MSGSEND = YES;
				GCC_C_LANGUAGE_STANDARD = gnu99;
				GCC_DYNAMIC_NO_PIC = NO;
				GCC_OPTIMIZATION_LEVEL = 0;
				GCC_PREPROCESSOR_DEFINITIONS = (
					"DEBUG=1",
					"$(inherited)",
				);
				GCC_SYMBOLS_PRIVATE_EXTERN = NO;
				GCC_WARN_64_TO_32_BIT_CONVERSION = YES;
				GCC_WARN_ABOUT_RETURN_TYPE = YES_ERROR;
				GCC_WARN_UNDECLARED_SELECTOR = YES;
				GCC_WARN_UNINITIALIZED_AUTOS = YES_AGGRESSIVE;
				GCC_WARN_UNUSED_FUNCTION = YES;
				GCC_WARN_UNUSED_VARIABLE = YES;
				IPHONEOS_DEPLOYMENT_TARGET = 8.0;
				MTL_ENABLE_DEBUG_INFO = YES;
				ONLY_ACTIVE_ARCH = YES;
				SDKROOT = iphoneos;
				TARGETED_DEVICE_FAMILY = "1,2";
				VERSIONING_SYSTEM = "apple-generic";
				VERSION_INFO_PREFIX = "";
			};
			name = Debug;
		};
		0AB6821C19E8FB3F00C48EC6 /* Release */ = {
			isa = XCBuildConfiguration;
			buildSettings = {
				ALWAYS_SEARCH_USER_PATHS = NO;
				CLANG_CXX_LANGUAGE_STANDARD = "gnu++0x";
				CLANG_CXX_LIBRARY = "libc++";
				CLANG_ENABLE_MODULES = YES;
				CLANG_ENABLE_OBJC_ARC = YES;
				CLANG_WARN_BOOL_CONVERSION = YES;
				CLANG_WARN_CONSTANT_CONVERSION = YES;
				CLANG_WARN_DIRECT_OBJC_ISA_USAGE = YES_ERROR;
				CLANG_WARN_EMPTY_BODY = YES;
				CLANG_WARN_ENUM_CONVERSION = YES;
				CLANG_WARN_INT_CONVERSION = YES;
				CLANG_WARN_OBJC_ROOT_CLASS = YES_ERROR;
				CLANG_WARN_UNREACHABLE_CODE = YES;
				CLANG_WARN__DUPLICATE_METHOD_MATCH = YES;
				"CODE_SIGN_IDENTITY[sdk=iphoneos*]" = "iPhone Developer";
				COPY_PHASE_STRIP = YES;
				CURRENT_PROJECT_VERSION = 1;
				ENABLE_NS_ASSERTIONS = NO;
				ENABLE_STRICT_OBJC_MSGSEND = YES;
				GCC_C_LANGUAGE_STANDARD = gnu99;
				GCC_WARN_64_TO_32_BIT_CONVERSION = YES;
				GCC_WARN_ABOUT_RETURN_TYPE = YES_ERROR;
				GCC_WARN_UNDECLARED_SELECTOR = YES;
				GCC_WARN_UNINITIALIZED_AUTOS = YES_AGGRESSIVE;
				GCC_WARN_UNUSED_FUNCTION = YES;
				GCC_WARN_UNUSED_VARIABLE = YES;
				IPHONEOS_DEPLOYMENT_TARGET = 8.0;
				MTL_ENABLE_DEBUG_INFO = NO;
				SDKROOT = iphoneos;
				TARGETED_DEVICE_FAMILY = "1,2";
				VALIDATE_PRODUCT = YES;
				VERSIONING_SYSTEM = "apple-generic";
				VERSION_INFO_PREFIX = "";
			};
			name = Release;
		};
		0AB6821E19E8FB3F00C48EC6 /* Debug */ = {
			isa = XCBuildConfiguration;
			buildSettings = {
				CODE_SIGN_IDENTITY = "iPhone Developer: geng tang (9P7W98CLHJ)";
				DEFINES_MODULE = YES;
				DYLIB_COMPATIBILITY_VERSION = 1;
				DYLIB_CURRENT_VERSION = 1;
				DYLIB_INSTALL_NAME_BASE = "@rpath";
				INFOPLIST_FILE = ./CHUtilities/CHUtilitiesInfo.plist;
				INSTALL_PATH = "$(LOCAL_LIBRARY_DIR)/Frameworks";
				IPHONEOS_DEPLOYMENT_TARGET = 7.1;
				LD_RUNPATH_SEARCH_PATHS = "$(inherited) @executable_path/Frameworks @loader_path/Frameworks";
				PRODUCT_NAME = "$(TARGET_NAME)";
				PROVISIONING_PROFILE = "";
				SKIP_INSTALL = YES;
			};
			name = Debug;
		};
		0AB6821F19E8FB3F00C48EC6 /* Release */ = {
			isa = XCBuildConfiguration;
			buildSettings = {
				CODE_SIGN_IDENTITY = "iPhone Developer: geng tang (9P7W98CLHJ)";
				DEFINES_MODULE = YES;
				DYLIB_COMPATIBILITY_VERSION = 1;
				DYLIB_CURRENT_VERSION = 1;
				DYLIB_INSTALL_NAME_BASE = "@rpath";
				INFOPLIST_FILE = ./CHUtilities/CHUtilitiesInfo.plist;
				INSTALL_PATH = "$(LOCAL_LIBRARY_DIR)/Frameworks";
				IPHONEOS_DEPLOYMENT_TARGET = 7.1;
				LD_RUNPATH_SEARCH_PATHS = "$(inherited) @executable_path/Frameworks @loader_path/Frameworks";
				PRODUCT_NAME = "$(TARGET_NAME)";
				PROVISIONING_PROFILE = "";
				SKIP_INSTALL = YES;
			};
			name = Release;
		};
/* End XCBuildConfiguration section */

/* Begin XCConfigurationList section */
		0AB6820419E8FB3E00C48EC6 /* Build configuration list for PBXProject "CHUtilities" */ = {
			isa = XCConfigurationList;
			buildConfigurations = (
				0AB6821B19E8FB3F00C48EC6 /* Debug */,
				0AB6821C19E8FB3F00C48EC6 /* Release */,
			);
			defaultConfigurationIsVisible = 0;
			defaultConfigurationName = Release;
		};
		0AB6821D19E8FB3F00C48EC6 /* Build configuration list for PBXNativeTarget "CHUtilities" */ = {
			isa = XCConfigurationList;
			buildConfigurations = (
				0AB6821E19E8FB3F00C48EC6 /* Debug */,
				0AB6821F19E8FB3F00C48EC6 /* Release */,
			);
			defaultConfigurationIsVisible = 0;
			defaultConfigurationName = Release;
		};
/* End XCConfigurationList section */
	};
	rootObject = 0AB6820119E8FB3E00C48EC6 /* Project object */;
}
